// !$*UTF8*$!
{
	archiveVersion = 1;
	classes = {
	};
	objectVersion = 50;
	objects = {

/* Begin PBXBuildFile section */
		37AD9EF1218C223000532CCB /* AppDelegate.m in Sources */ = {isa = PBXBuildFile; fileRef = 37AD9EF0218C223000532CCB /* AppDelegate.m */; };
		37AD9EF4218C223000532CCB /* ViewController.m in Sources */ = {isa = PBXBuildFile; fileRef = 37AD9EF3218C223000532CCB /* ViewController.m */; };
		37AD9EF7218C223000532CCB /* Main.storyboard in Resources */ = {isa = PBXBuildFile; fileRef = 37AD9EF5218C223000532CCB /* Main.storyboard */; };
		37AD9EF9218C223100532CCB /* Assets.xcassets in Resources */ = {isa = PBXBuildFile; fileRef = 37AD9EF8218C223100532CCB /* Assets.xcassets */; };
		37AD9EFC218C223100532CCB /* LaunchScreen.storyboard in Resources */ = {isa = PBXBuildFile; fileRef = 37AD9EFA218C223100532CCB /* LaunchScreen.storyboard */; };
		37AD9EFF218C223100532CCB /* main.m in Sources */ = {isa = PBXBuildFile; fileRef = 37AD9EFE218C223100532CCB /* main.m */; };
		37AD9F06218C23E100532CCB /* music_nature.mp3 in Resources */ = {isa = PBXBuildFile; fileRef = 37AD9F05218C23E100532CCB /* music_nature.mp3 */; };
/* End PBXBuildFile section */

/* Begin PBXFileReference section */
		37AD9EEC218C223000532CCB /* SO53109911.app */ = {isa = PBXFileReference; explicitFileType = wrapper.application; includeInIndex = 0; path = SO53109911.app; sourceTree = BUILT_PRODUCTS_DIR; };
		37AD9EEF218C223000532CCB /* AppDelegate.h */ = {isa = PBXFileReference; lastKnownFileType = sourcecode.c.h; path = AppDelegate.h; sourceTree = "<group>"; };
		37AD9EF0218C223000532CCB /* AppDelegate.m */ = {isa = PBXFileReference; lastKnownFileType = sourcecode.c.objc; path = AppDelegate.m; sourceTree = "<group>"; };
		37AD9EF2218C223000532CCB /* ViewController.h */ = {isa = PBXFileReference; lastKnownFileType = sourcecode.c.h; path = ViewController.h; sourceTree = "<group>"; };
		37AD9EF3218C223000532CCB /* ViewController.m */ = {isa = PBXFileReference; lastKnownFileType = sourcecode.c.objc; path = ViewController.m; sourceTree = "<group>"; };
		37AD9EF6218C223000532CCB /* Base */ = {isa = PBXFileReference; lastKnownFileType = file.storyboard; name = Base; path = Base.lproj/Main.storyboard; sourceTree = "<group>"; };
		37AD9EF8218C223100532CCB /* Assets.xcassets */ = {isa = PBXFileReference; lastKnownFileType = folder.assetcatalog; path = Assets.xcassets; sourceTree = "<group>"; };
		37AD9EFB218C223100532CCB /* Base */ = {isa = PBXFileReference; lastKnownFileType = file.storyboard; name = Base; path = Base.lproj/LaunchScreen.storyboard; sourceTree = "<group>"; };
		37AD9EFD218C223100532CCB /* Info.plist */ = {isa = PBXFileReference; lastKnownFileType = text.plist.xml; path = Info.plist; sourceTree = "<group>"; };
		37AD9EFE218C223100532CCB /* main.m */ = {isa = PBXFileReference; lastKnownFileType = sourcecode.c.objc; path = main.m; sourceTree = "<group>"; };
		37AD9F05218C23E100532CCB /* music_nature.mp3 */ = {isa = PBXFileReference; lastKnownFileType = audio.mp3; path = music_nature.mp3; sourceTree = "<group>"; };
/* End PBXFileReference section */

/* Begin PBXFrameworksBuildPhase section */
		37AD9EE9218C223000532CCB /* Frameworks */ = {
			isa = PBXFrameworksBuildPhase;
			buildActionMask = 2147483647;
			files = (
			);
			runOnlyForDeploymentPostprocessing = 0;
		};
/* End PBXFrameworksBuildPhase section */

/* Begin PBXGroup section */
		37AD9EE3218C223000532CCB = {
			isa = PBXGroup;
			children = (
				37AD9EEE218C223000532CCB /* SO53109911 */,
				37AD9EED218C223000532CCB /* Products */,
			);
			sourceTree = "<group>";
		};
		37AD9EED218C223000532CCB /* Products */ = {
			isa = PBXGroup;
			children = (
				37AD9EEC218C223000532CCB /* SO53109911.app */,
			);
			name = Products;
			sourceTree = "<group>";
		};
		37AD9EEE218C223000532CCB /* SO53109911 */ = {
			isa = PBXGroup;
			children = (
				37AD9F05218C23E100532CCB /* music_nature.mp3 */,
				37AD9EEF218C223000532CCB /* AppDelegate.h */,
				37AD9EF0218C223000532CCB /* AppDelegate.m */,
				37AD9EF2218C223000532CCB /* ViewController.h */,
				37AD9EF3218C223000532CCB /* ViewController.m */,
				37AD9EF5218C223000532CCB /* Main.storyboard */,
				37AD9EF8218C223100532CCB /* Assets.xcassets */,
				37AD9EFA218C223100532CCB /* LaunchScreen.storyboard */,
				37AD9EFD218C223100532CCB /* Info.plist */,
				37AD9EFE218C223100532CCB /* main.m */,
			);
			path = SO53109911;
			sourceTree = "<group>";
		};
/* End PBXGroup section */

/* Begin PBXNativeTarget section */
		37AD9EEB218C223000532CCB /* SO53109911 */ = {
			isa = PBXNativeTarget;
			buildConfigurationList = 37AD9F02218C223100532CCB /* Build configuration list for PBXNativeTarget "SO53109911" */;
			buildPhases = (
				37AD9EE8218C223000532CCB /* Sources */,
				37AD9EE9218C223000532CCB /* Frameworks */,
				37AD9EEA218C223000532CCB /* Resources */,
			);
			buildRules = (
			);
			dependencies = (
			);
			name = SO53109911;
			productName = SO52413107;
			productReference = 37AD9EEC218C223000532CCB /* SO53109911.app */;
			productType = "com.apple.product-type.application";
		};
/* End PBXNativeTarget section */

/* Begin PBXProject section */
		37AD9EE4218C223000532CCB /* Project object */ = {
			isa = PBXProject;
			attributes = {
				LastUpgradeCheck = 1010;
				ORGANIZATIONNAME = coeur;
				TargetAttributes = {
					37AD9EEB218C223000532CCB = {
						CreatedOnToolsVersion = 10.1;
					};
				};
			};
			buildConfigurationList = 37AD9EE7218C223000532CCB /* Build configuration list for PBXProject "SO53109911" */;
			compatibilityVersion = "Xcode 9.3";
			developmentRegion = en;
			hasScannedForEncodings = 0;
			knownRegions = (
				en,
				Base,
			);
			mainGroup = 37AD9EE3218C223000532CCB;
			productRefGroup = 37AD9EED218C223000532CCB /* Products */;
			projectDirPath = "";
			projectRoot = "";
			targets = (
				37AD9EEB218C223000532CCB /* SO53109911 */,
			);
		};
/* End PBXProject section */

/* Begin PBXResourcesBuildPhase section */
		37AD9EEA218C223000532CCB /* Resources */ = {
			isa = PBXResourcesBuildPhase;
			buildActionMask = 2147483647;
			files = (
				37AD9EFC218C223100532CCB /* LaunchScreen.storyboard in Resources */,
				37AD9F06218C23E100532CCB /* music_nature.mp3 in Resources */,
				37AD9EF9218C223100532CCB /* Assets.xcassets in Resources */,
				37AD9EF7218C223000532CCB /* Main.storyboard in Resources */,
			);
			runOnlyForDeploymentPostprocessing = 0;
		};
/* End PBXResourcesBuildPhase section */

/* Begin PBXSourcesBuildPhase section */
		37AD9EE8218C223000532CCB /* Sources */ = {
			isa = PBXSourcesBuildPhase;
			buildActionMask = 2147483647;
			files = (
				37AD9EF4218C223000532CCB /* ViewController.m in Sources */,
				37AD9EFF218C223100532CCB /* main.m in Sources */,
				37AD9EF1218C223000532CCB /* AppDelegate.m in Sources */,
			);
			runOnlyForDeploymentPostprocessing = 0;
		};
/* End PBXSourcesBuildPhase section */

/* Begin PBXVariantGroup section */
		37AD9EF5218C223000532CCB /* Main.storyboard */ = {
			isa = PBXVariantGroup;
			children = (
				37AD9EF6218C223000532CCB /* Base */,
			);
			name = Main.storyboard;
			sourceTree = "<group>";
		};
		37AD9EFA218C223100532CCB /* LaunchScreen.storyboard */ = {
			isa = PBXVariantGroup;
			children = (
				37AD9EFB218C223100532CCB /* Base */,
			);
			name = LaunchScreen.storyboard;
			sourceTree = "<group>";
		};
/* End PBXVariantGroup section */

/* Begin XCBuildConfiguration section */
		37AD9F00218C223100532CCB /* Debug */ = {
			isa = XCBuildConfiguration;
			buildSettings = {
				ALWAYS_SEARCH_USER_PATHS = NO;
				CLANG_ANALYZER_NONNULL = YES;
				CLANG_ANALYZER_NUMBER_OBJECT_CONVERSION = YES_AGGRESSIVE;
				CLANG_CXX_LANGUAGE_STANDARD = "gnu++14";
				CLANG_CXX_LIBRARY = "libc++";
				CLANG_ENABLE_MODULES = YES;
				CLANG_ENABLE_OBJC_ARC = YES;
				CLANG_ENABLE_OBJC_WEAK = YES;
				CLANG_WARN_BLOCK_CAPTURE_AUTORELEASING = YES;
				CLANG_WARN_BOOL_CONVERSION = YES;
				CLANG_WARN_COMMA = YES;
				CLANG_WARN_CONSTANT_CONVERSION = YES;
				CLANG_WARN_DEPRECATED_OBJC_IMPLEMENTATIONS = YES;
				CLANG_WARN_DIRECT_OBJC_ISA_USAGE = YES_ERROR;
				CLANG_WARN_DOCUMENTATION_COMMENTS = YES;
				CLANG_WARN_EMPTY_BODY = YES;
				CLANG_WARN_ENUM_CONVERSION = YES;
				CLANG_WARN_INFINITE_RECURSION = YES;
				CLANG_WARN_INT_CONVERSION = YES;
				CLANG_WARN_NON_LITERAL_NULL_CONVERSION = YES;
				CLANG_WARN_OBJC_IMPLICIT_RETAIN_SELF = YES;
				CLANG_WARN_OBJC_LITERAL_CONVERSION = YES;
				CLANG_WARN_OBJC_ROOT_CLASS = YES_ERROR;
				CLANG_WARN_RANGE_LOOP_ANALYSIS = YES;
				CLANG_WARN_STRICT_PROTOTYPES = YES;
				CLANG_WARN_SUSPICIOUS_MOVE = YES;
				CLANG_WARN_UNGUARDED_AVAILABILITY = YES_AGGRESSIVE;
				CLANG_WARN_UNREACHABLE_CODE = YES;
				CLANG_WARN__DUPLICATE_METHOD_MATCH = YES;
				CODE_SIGN_IDENTITY = "iPhone Developer";
				COPY_PHASE_STRIP = NO;
				DEBUG_INFORMATION_FORMAT = dwarf;
				ENABLE_STRICT_OBJC_MSGSEND = YES;
				ENABLE_TESTABILITY = YES;
				GCC_C_LANGUAGE_STANDARD = gnu11;
				GCC_DYNAMIC_NO_PIC = NO;
				GCC_NO_COMMON_BLOCKS = YES;
				GCC_OPTIMIZATION_LEVEL = 0;
				GCC_PREPROCESSOR_DEFINITIONS = (
					"DEBUG=1",
					"$(inherited)",
				);
				GCC_WARN_64_TO_32_BIT_CONVERSION = YES;
				GCC_WARN_ABOUT_RETURN_TYPE = YES_ERROR;
				GCC_WARN_UNDECLARED_SELECTOR = YES;
				GCC_WARN_UNINITIALIZED_AUTOS = YES_AGGRESSIVE;
				GCC_WARN_UNUSED_FUNCTION = YES;
				GCC_WARN_UNUSED_VARIABLE = YES;
				IPHONEOS_DEPLOYMENT_TARGET = 10.0;
				MTL_ENABLE_DEBUG_INFO = INCLUDE_SOURCE;
				MTL_FAST_MATH = YES;
				ONLY_ACTIVE_ARCH = YES;
				SDKROOT = iphoneos;
			};
			name = Debug;
		};
		37AD9F01218C223100532CCB /* Release */ = {
			isa = XCBuildConfiguration;
			buildSettings = {
				ALWAYS_SEARCH_USER_PATHS = NO;
				CLANG_ANALYZER_NONNULL = YES;
				CLANG_ANALYZER_NUMBER_OBJECT_CONVERSION = YES_AGGRESSIVE;
				CLANG_CXX_LANGUAGE_STANDARD = "gnu++14";
				CLANG_CXX_LIBRARY = "libc++";
				CLANG_ENABLE_MODULES = YES;
				CLANG_ENABLE_OBJC_ARC = YES;
				CLANG_ENABLE_OBJC_WEAK = YES;
				CLANG_WARN_BLOCK_CAPTURE_AUTORELEASING = YES;
				CLANG_WARN_BOOL_CONVERSION = YES;
				CLANG_WARN_COMMA = YES;
				CLANG_WARN_CONSTANT_CONVERSION = YES;
				CLANG_WARN_DEPRECATED_OBJC_IMPLEMENTATIONS = YES;
				CLANG_WARN_DIRECT_OBJC_ISA_USAGE = YES_ERROR;
				CLANG_WARN_DOCUMENTATION_COMMENTS = YES;
				CLANG_WARN_EMPTY_BODY = YES;
				CLANG_WARN_ENUM_CONVERSION = YES;
				CLANG_WARN_INFINITE_RECURSION = YES;
				CLANG_WARN_INT_CONVERSION = YES;
				CLANG_WARN_NON_LITERAL_NULL_CONVERSION = YES;
				CLANG_WARN_OBJC_IMPLICIT_RETAIN_SELF = YES;
				CLANG_WARN_OBJC_LITERAL_CONVERSION = YES;
				CLANG_WARN_OBJC_ROOT_CLASS = YES_ERROR;
				CLANG_WARN_RANGE_LOOP_ANALYSIS = YES;
				CLANG_WARN_STRICT_PROTOTYPES = YES;
				CLANG_WARN_SUSPICIOUS_MOVE = YES;
				CLANG_WARN_UNGUARDED_AVAILABILITY = YES_AGGRESSIVE;
				CLANG_WARN_UNREACHABLE_CODE = YES;
				CLANG_WARN__DUPLICATE_METHOD_MATCH = YES;
				CODE_SIGN_IDENTITY = "iPhone Developer";
				COPY_PHASE_STRIP = NO;
				DEBUG_INFORMATION_FORMAT = "dwarf-with-dsym";
				ENABLE_NS_ASSERTIONS = NO;
				ENABLE_STRICT_OBJC_MSGSEND = YES;
				GCC_C_LANGUAGE_STANDARD = gnu11;
				GCC_NO_COMMON_BLOCKS = YES;
				GCC_WARN_64_TO_32_BIT_CONVERSION = YES;
				GCC_WARN_ABOUT_RETURN_TYPE = YES_ERROR;
				GCC_WARN_UNDECLARED_SELECTOR = YES;
				GCC_WARN_UNINITIALIZED_AUTOS = YES_AGGRESSIVE;
				GCC_WARN_UNUSED_FUNCTION = YES;
				GCC_WARN_UNUSED_VARIABLE = YES;
				IPHONEOS_DEPLOYMENT_TARGET = 10.0;
				MTL_ENABLE_DEBUG_INFO = NO;
				MTL_FAST_MATH = YES;
				SDKROOT = iphoneos;
				VALIDATE_PRODUCT = YES;
			};
			name = Release;
		};
		37AD9F03218C223100532CCB /* Debug */ = {
			isa = XCBuildConfiguration;
			buildSettings = {
				ASSETCATALOG_COMPILER_APPICON_NAME = AppIcon;
				CODE_SIGN_STYLE = Automatic;
				INFOPLIST_FILE = SO53109911/Info.plist;
				LD_RUNPATH_SEARCH_PATHS = (
					"$(inherited)",
					"@executable_path/Frameworks",
				);
				PRODUCT_BUNDLE_IDENTIFIER = com.coeur.SO53109911;
				PRODUCT_NAME = "$(TARGET_NAME)";
				TARGETED_DEVICE_FAMILY = "1,2";
			};
			name = Debug;
		};
		37AD9F04218C223100532CCB /* Release */ = {
			isa = XCBuildConfiguration;
			buildSettings = {
				ASSETCATALOG_COMPILER_APPICON_NAME = AppIcon;
				CODE_SIGN_STYLE = Automatic;
				INFOPLIST_FILE = SO53109911/Info.plist;
				LD_RUNPATH_SEARCH_PATHS = (
					"$(inherited)",
					"@executable_path/Frameworks",
				);
				PRODUCT_BUNDLE_IDENTIFIER = com.coeur.SO53109911;
				PRODUCT_NAME = "$(TARGET_NAME)";
				TARGETED_DEVICE_FAMILY = "1,2";
			};
			name = Release;
		};
/* End XCBuildConfiguration section */

/* Begin XCConfigurationList section */
		37AD9EE7218C223000532CCB /* Build configuration list for PBXProject "SO53109911" */ = {
			isa = XCConfigurationList;
			buildConfigurations = (
				37AD9F00218C223100532CCB /* Debug */,
				37AD9F01218C223100532CCB /* Release */,
			);
			defaultConfigurationIsVisible = 0;
			defaultConfigurationName = Release;
		};
		37AD9F02218C223100532CCB /* Build configuration list for PBXNativeTarget "SO53109911" */ = {
			isa = XCConfigurationList;
			buildConfigurations = (
				37AD9F03218C223100532CCB /* Debug */,
				37AD9F04218C223100532CCB /* Release */,
			);
			defaultConfigurationIsVisible = 0;
			defaultConfigurationName = Release;
		};
/* End XCConfigurationList section */
	};
	rootObject = 37AD9EE4218C223000532CCB /* Project object */;
}
